
Microsoft Visual Studio Solution File, Format Version 12.00
# Visual Studio Version 17
VisualStudioVersion = 17.0.31903.59
MinimumVisualStudioVersion = 10.0.40219.1
Project("{2150E333-8FDC-42A3-9474-1A3956D46DE8}") = "MTP Homework", "MTP Homework", "{BFFAB781-042F-48CB-9B25-1E961EF6B85E}"
EndProject
Project("{FAE04EC0-301F-11D3-BF4B-00C04F79EFBC}") = "Lab1", "MTP Homework\Lab1\Lab1.csproj", "{048F27AE-3109-47AA-BF9D-E4F9D2109B7E}"
EndProject
Global
	GlobalSection(SolutionConfigurationPlatforms) = preSolution
		Debug|Any CPU = Debug|Any CPU
		Release|Any CPU = Release|Any CPU
	EndGlobalSection
	GlobalSection(SolutionProperties) = preSolution
		HideSolutionNode = FALSE
	EndGlobalSection
	GlobalSection(ProjectConfigurationPlatforms) = postSolution
		{048F27AE-3109-47AA-BF9D-E4F9D2109B7E}.Debug|Any CPU.ActiveCfg = Debug|Any CPU
		{048F27AE-3109-47AA-BF9D-E4F9D2109B7E}.Debug|Any CPU.Build.0 = Debug|Any CPU
		{048F27AE-3109-47AA-BF9D-E4F9D2109B7E}.Release|Any CPU.ActiveCfg = Release|Any CPU
		{048F27AE-3109-47AA-BF9D-E4F9D2109B7E}.Release|Any CPU.Build.0 = Release|Any CPU
	EndGlobalSection
	GlobalSection(NestedProjects) = preSolution
		{048F27AE-3109-47AA-BF9D-E4F9D2109B7E} = {BFFAB781-042F-48CB-9B25-1E961EF6B85E}
	EndGlobalSection
EndGlobal
